
Microsoft Visual Studio Solution File, Format Version 12.00
# Visual Studio Version 16
VisualStudioVersion = 25.0.1706.12
MinimumVisualStudioVersion = 10.0.40219.1
Project("{FAE04EC0-301F-11D3-BF4B-00C04F79EFBC}") = "QRC", "QRC.csproj", "{ABFE787A-BE9C-4894-B219-83C4D1025007}"
EndProject
Global
	GlobalSection(SolutionConfigurationPlatforms) = preSolution
		Debug|Any CPU = Debug|Any CPU
		Release|Any CPU = Release|Any CPU
	EndGlobalSection
	GlobalSection(ProjectConfigurationPlatforms) = postSolution
		{ABFE787A-BE9C-4894-B219-83C4D1025007}.Debug|Any CPU.ActiveCfg = Debug|Any CPU
		{ABFE787A-BE9C-4894-B219-83C4D1025007}.Debug|Any CPU.Build.0 = Debug|Any CPU
		{ABFE787A-BE9C-4894-B219-83C4D1025007}.Release|Any CPU.ActiveCfg = Release|Any CPU
		{ABFE787A-BE9C-4894-B219-83C4D1025007}.Release|Any CPU.Build.0 = Release|Any CPU
	EndGlobalSection
	GlobalSection(SolutionProperties) = preSolution
		HideSolutionNode = FALSE
	EndGlobalSection
	GlobalSection(ExtensibilityGlobals) = postSolution
		SolutionGuid = {F7ACE328-26DE-4FE2-AE6F-E4D452E12EBF}
	EndGlobalSection
EndGlobal
